<?xml version="1.0" encoding="UTF-8"?>
<Project ToolsVersion="14.0" xmlns="http://schemas.microsoft.com/developer/msbuild/2003">
  <ItemGroup>
    <ClCompile Include="C:\lab1\source\Program.cpp">
      <Filter>Source Files</Filter>
    </ClCompile>
    <ClCompile Include="C:\lab1\source\DerivedCars\BMW.cpp">
      <Filter>Source Files</Filter>
    </ClCompile>
    <ClCompile Include="C:\lab1\source\DerivedCars\VAZ2115.cpp">
      <Filter>Source Files</Filter>
    </ClCompile>
    <ClCompile Include="C:\lab1\source\Facade\Cars.cpp">
      <Filter>Source Files</Filter>
    </ClCompile>
    <ClCompile Include="C:\lab1\source\ICar\ICar.cpp">
      <Filter>Source Files</Filter>
    </ClCompile>
    <ClCompile Include="C:\lab1\source\State\IState.cpp">
      <Filter>Source Files</Filter>
    </ClCompile>
  </ItemGroup>
  <ItemGroup>
    <ClInclude Include="C:\lab1\source\DerivedCars\BMW.h">
      <Filter>Header Files</Filter>
    </ClInclude>
    <ClInclude Include="C:\lab1\source\DerivedCars\VAZ2115.h">
      <Filter>Header Files</Filter>
    </ClInclude>
    <ClInclude Include="C:\lab1\source\Facade\Cars.h">
      <Filter>Header Files</Filter>
    </ClInclude>
    <ClInclude Include="C:\lab1\source\ICar\ICar.h">
      <Filter>Header Files</Filter>
    </ClInclude>
    <ClInclude Include="C:\lab1\source\State\IState.h">
      <Filter>Header Files</Filter>
    </ClInclude>
  </ItemGroup>
  <ItemGroup>
    <CustomBuild Include="C:\lab1\source\CMakeLists.txt" />
  </ItemGroup>
  <ItemGroup>
    <Filter Include="Source Files">
      <UniqueIdentifier>{124047AA-C230-41F1-A6FB-9BF68BE10C4A}</UniqueIdentifier>
    </Filter>
    <Filter Include="Header Files">
      <UniqueIdentifier>{6B34451E-49D8-478B-9DA4-A4D4B9E05E5A}</UniqueIdentifier>
    </Filter>
  </ItemGroup>
</Project>
